
Microsoft Visual Studio Solution File, Format Version 12.00
# Visual Studio Version 17
VisualStudioVersion = 17.3.32901.215
MinimumVisualStudioVersion = 10.0.40219.1
Project("{9A19103F-16F7-4668-BE54-9A1E7A4F7556}") = "XUnitTests", "XUnitTests\XUnitTests.csproj", "{C75A70FF-9AFD-45EE-8DE9-6BEDCA65345E}"
EndProject
Project("{9A19103F-16F7-4668-BE54-9A1E7A4F7556}") = "CrossWord", "CrossWordPainter\CrossWord.csproj", "{4AB4C96B-BADF-4402-96BD-161C6B490B8E}"
EndProject
Global
	GlobalSection(SolutionConfigurationPlatforms) = preSolution
		Debug|Any CPU = Debug|Any CPU
		Release|Any CPU = Release|Any CPU
	EndGlobalSection
	GlobalSection(ProjectConfigurationPlatforms) = postSolution
		{C75A70FF-9AFD-45EE-8DE9-6BEDCA65345E}.Debug|Any CPU.ActiveCfg = Debug|Any CPU
		{C75A70FF-9AFD-45EE-8DE9-6BEDCA65345E}.Debug|Any CPU.Build.0 = Debug|Any CPU
		{C75A70FF-9AFD-45EE-8DE9-6BEDCA65345E}.Release|Any CPU.ActiveCfg = Release|Any CPU
		{C75A70FF-9AFD-45EE-8DE9-6BEDCA65345E}.Release|Any CPU.Build.0 = Release|Any CPU
		{4AB4C96B-BADF-4402-96BD-161C6B490B8E}.Debug|Any CPU.ActiveCfg = Debug|Any CPU
		{4AB4C96B-BADF-4402-96BD-161C6B490B8E}.Debug|Any CPU.Build.0 = Debug|Any CPU
		{4AB4C96B-BADF-4402-96BD-161C6B490B8E}.Release|Any CPU.ActiveCfg = Release|Any CPU
		{4AB4C96B-BADF-4402-96BD-161C6B490B8E}.Release|Any CPU.Build.0 = Release|Any CPU
	EndGlobalSection
	GlobalSection(SolutionProperties) = preSolution
		HideSolutionNode = FALSE
	EndGlobalSection
	GlobalSection(ExtensibilityGlobals) = postSolution
		SolutionGuid = {74180CBB-BA49-4302-8AFB-882B9BBC3D7F}
	EndGlobalSection
EndGlobal
